
Microsoft Visual Studio Solution File, Format Version 12.00
# Visual Studio Version 17
VisualStudioVersion = 17.1.32210.238
MinimumVisualStudioVersion = 10.0.40219.1
Project("{9A19103F-16F7-4668-BE54-9A1E7A4F7556}") = "RegexApp", "RegexApp.csproj", "{17E02177-8BA9-4F25-9C19-06231BC13FCA}"
EndProject
Project("{FAE04EC0-301F-11D3-BF4B-00C04F79EFBC}") = "RegexAppRegularExpressionsTests", "..\RegexAppRegularExpressionsTests\RegexAppRegularExpressionsTests.csproj", "{13113C58-BC68-4284-8E16-B7DB6EFED2F7}"
EndProject
Global
	GlobalSection(SolutionConfigurationPlatforms) = preSolution
		Debug|Any CPU = Debug|Any CPU
		Release|Any CPU = Release|Any CPU
	EndGlobalSection
	GlobalSection(ProjectConfigurationPlatforms) = postSolution
		{17E02177-8BA9-4F25-9C19-06231BC13FCA}.Debug|Any CPU.ActiveCfg = Debug|Any CPU
		{17E02177-8BA9-4F25-9C19-06231BC13FCA}.Debug|Any CPU.Build.0 = Debug|Any CPU
		{17E02177-8BA9-4F25-9C19-06231BC13FCA}.Release|Any CPU.ActiveCfg = Release|Any CPU
		{17E02177-8BA9-4F25-9C19-06231BC13FCA}.Release|Any CPU.Build.0 = Release|Any CPU
		{13113C58-BC68-4284-8E16-B7DB6EFED2F7}.Debug|Any CPU.ActiveCfg = Debug|Any CPU
		{13113C58-BC68-4284-8E16-B7DB6EFED2F7}.Debug|Any CPU.Build.0 = Debug|Any CPU
		{13113C58-BC68-4284-8E16-B7DB6EFED2F7}.Release|Any CPU.ActiveCfg = Release|Any CPU
		{13113C58-BC68-4284-8E16-B7DB6EFED2F7}.Release|Any CPU.Build.0 = Release|Any CPU
	EndGlobalSection
	GlobalSection(SolutionProperties) = preSolution
		HideSolutionNode = FALSE
	EndGlobalSection
	GlobalSection(ExtensibilityGlobals) = postSolution
		SolutionGuid = {FBC25839-9A79-4C8B-964E-837217A5FC24}
	EndGlobalSection
EndGlobal
